
Microsoft Visual Studio Solution File, Format Version 12.00
# Visual Studio Version 17
VisualStudioVersion = 17.6.33723.286
MinimumVisualStudioVersion = 10.0.40219.1
Project("{FAE04EC0-301F-11D3-BF4B-00C04F79EFBC}") = "Wananchai", "Wananchai\Wananchai.csproj", "{4D55D7A6-3BAD-41B5-B1FE-BB712F4A4C3D}"
EndProject
Global
	GlobalSection(SolutionConfigurationPlatforms) = preSolution
		Debug|Any CPU = Debug|Any CPU
		Release|Any CPU = Release|Any CPU
	EndGlobalSection
	GlobalSection(ProjectConfigurationPlatforms) = postSolution
		{4D55D7A6-3BAD-41B5-B1FE-BB712F4A4C3D}.Debug|Any CPU.ActiveCfg = Debug|Any CPU
		{4D55D7A6-3BAD-41B5-B1FE-BB712F4A4C3D}.Debug|Any CPU.Build.0 = Debug|Any CPU
		{4D55D7A6-3BAD-41B5-B1FE-BB712F4A4C3D}.Release|Any CPU.ActiveCfg = Release|Any CPU
		{4D55D7A6-3BAD-41B5-B1FE-BB712F4A4C3D}.Release|Any CPU.Build.0 = Release|Any CPU
	EndGlobalSection
	GlobalSection(SolutionProperties) = preSolution
		HideSolutionNode = FALSE
	EndGlobalSection
	GlobalSection(ExtensibilityGlobals) = postSolution
		SolutionGuid = {8E5CC08D-7A19-46DC-8003-FCB25721EE9B}
	EndGlobalSection
EndGlobal
